// !$*UTF8*$!
{
	archiveVersion = 1;
	classes = {
	};
	objectVersion = 46;
	objects = {

/* Begin PBXBuildFile section */
		04E889DA1A0F516800B47412 /* yudpsocket.c in Sources */ = {isa = PBXBuildFile; fileRef = 04E889D81A0F516800B47412 /* yudpsocket.c */; };
		04E889DB1A0F516800B47412 /* yudpsocket.swift in Sources */ = {isa = PBXBuildFile; fileRef = 04E889D91A0F516800B47412 /* yudpsocket.swift */; };
		55A676E319A5FFCF00663380 /* main.swift in Sources */ = {isa = PBXBuildFile; fileRef = 55A676E019A5FFCF00663380 /* main.swift */; };
		55A676E419A5FFCF00663380 /* ytcpsocket.c in Sources */ = {isa = PBXBuildFile; fileRef = 55A676E119A5FFCF00663380 /* ytcpsocket.c */; };
		55A676E519A5FFCF00663380 /* ytcpsocket.swift in Sources */ = {isa = PBXBuildFile; fileRef = 55A676E219A5FFCF00663380 /* ytcpsocket.swift */; };
/* End PBXBuildFile section */

/* Begin PBXCopyFilesBuildPhase section */
		5518C82D19A329100049DC22 /* CopyFiles */ = {
			isa = PBXCopyFilesBuildPhase;
			buildActionMask = 2147483647;
			dstPath = /usr/share/man/man1/;
			dstSubfolderSpec = 0;
			files = (
			);
			runOnlyForDeploymentPostprocessing = 1;
		};
/* End PBXCopyFilesBuildPhase section */

/* Begin PBXFileReference section */
		04E889D81A0F516800B47412 /* yudpsocket.c */ = {isa = PBXFileReference; fileEncoding = 4; lastKnownFileType = sourcecode.c.c; name = yudpsocket.c; path = SwiftSocket/yudpsocket.c; sourceTree = SOURCE_ROOT; };
		04E889D91A0F516800B47412 /* yudpsocket.swift */ = {isa = PBXFileReference; fileEncoding = 4; lastKnownFileType = sourcecode.swift; name = yudpsocket.swift; path = SwiftSocket/yudpsocket.swift; sourceTree = SOURCE_ROOT; };
		5518C82F19A329100049DC22 /* SwiftSocket */ = {isa = PBXFileReference; explicitFileType = "compiled.mach-o.executable"; includeInIndex = 0; path = SwiftSocket; sourceTree = BUILT_PRODUCTS_DIR; };
		55A676E019A5FFCF00663380 /* main.swift */ = {isa = PBXFileReference; fileEncoding = 4; lastKnownFileType = sourcecode.swift; name = main.swift; path = SwiftSocket/main.swift; sourceTree = SOURCE_ROOT; };
		55A676E119A5FFCF00663380 /* ytcpsocket.c */ = {isa = PBXFileReference; fileEncoding = 4; lastKnownFileType = sourcecode.c.c; name = ytcpsocket.c; path = SwiftSocket/ytcpsocket.c; sourceTree = SOURCE_ROOT; };
		55A676E219A5FFCF00663380 /* ytcpsocket.swift */ = {isa = PBXFileReference; fileEncoding = 4; lastKnownFileType = sourcecode.swift; name = ytcpsocket.swift; path = SwiftSocket/ytcpsocket.swift; sourceTree = SOURCE_ROOT; };
/* End PBXFileReference section */

/* Begin PBXFrameworksBuildPhase section */
		5518C82C19A329100049DC22 /* Frameworks */ = {
			isa = PBXFrameworksBuildPhase;
			buildActionMask = 2147483647;
			files = (
			);
			runOnlyForDeploymentPostprocessing = 0;
		};
/* End PBXFrameworksBuildPhase section */

/* Begin PBXGroup section */
		5518C82619A3290F0049DC22 = {
			isa = PBXGroup;
			children = (
				5518C83119A329100049DC22 /* SwiftC */,
				5518C83019A329100049DC22 /* Products */,
			);
			sourceTree = "<group>";
		};
		5518C83019A329100049DC22 /* Products */ = {
			isa = PBXGroup;
			children = (
				5518C82F19A329100049DC22 /* SwiftSocket */,
			);
			name = Products;
			sourceTree = "<group>";
		};
		5518C83119A329100049DC22 /* SwiftC */ = {
			isa = PBXGroup;
			children = (
				55A676E019A5FFCF00663380 /* main.swift */,
				55A676E119A5FFCF00663380 /* ytcpsocket.c */,
				55A676E219A5FFCF00663380 /* ytcpsocket.swift */,
				04E889D81A0F516800B47412 /* yudpsocket.c */,
				04E889D91A0F516800B47412 /* yudpsocket.swift */,
			);
			path = SwiftC;
			sourceTree = "<group>";
		};
/* End PBXGroup section */

/* Begin PBXNativeTarget section */
		5518C82E19A329100049DC22 /* SwiftSocket */ = {
			isa = PBXNativeTarget;
			buildConfigurationList = 5518C83619A329100049DC22 /* Build configuration list for PBXNativeTarget "SwiftSocket" */;
			buildPhases = (
				5518C82B19A329100049DC22 /* Sources */,
				5518C82C19A329100049DC22 /* Frameworks */,
				5518C82D19A329100049DC22 /* CopyFiles */,
			);
			buildRules = (
			);
			dependencies = (
			);
			name = SwiftSocket;
			productName = SwiftC;
			productReference = 5518C82F19A329100049DC22 /* SwiftSocket */;
			productType = "com.apple.product-type.tool";
		};
/* End PBXNativeTarget section */

/* Begin PBXProject section */
		5518C82719A3290F0049DC22 /* Project object */ = {
			isa = PBXProject;
			attributes = {
				LastUpgradeCheck = 0600;
				ORGANIZATIONNAME = swift;
				TargetAttributes = {
					5518C82E19A329100049DC22 = {
						CreatedOnToolsVersion = 6.0;
					};
				};
			};
			buildConfigurationList = 5518C82A19A3290F0049DC22 /* Build configuration list for PBXProject "SwiftSocket" */;
			compatibilityVersion = "Xcode 3.2";
			developmentRegion = English;
			hasScannedForEncodings = 0;
			knownRegions = (
				en,
			);
			mainGroup = 5518C82619A3290F0049DC22;
			productRefGroup = 5518C83019A329100049DC22 /* Products */;
			projectDirPath = "";
			projectRoot = "";
			targets = (
				5518C82E19A329100049DC22 /* SwiftSocket */,
			);
		};
/* End PBXProject section */

/* Begin PBXSourcesBuildPhase section */
		5518C82B19A329100049DC22 /* Sources */ = {
			isa = PBXSourcesBuildPhase;
			buildActionMask = 2147483647;
			files = (
				04E889DA1A0F516800B47412 /* yudpsocket.c in Sources */,
				04E889DB1A0F516800B47412 /* yudpsocket.swift in Sources */,
				55A676E519A5FFCF00663380 /* ytcpsocket.swift in Sources */,
				55A676E419A5FFCF00663380 /* ytcpsocket.c in Sources */,
				55A676E319A5FFCF00663380 /* main.swift in Sources */,
			);
			runOnlyForDeploymentPostprocessing = 0;
		};
/* End PBXSourcesBuildPhase section */

/* Begin XCBuildConfiguration section */
		5518C83419A329100049DC22 /* Debug */ = {
			isa = XCBuildConfiguration;
			buildSettings = {
				ALWAYS_SEARCH_USER_PATHS = NO;
				CLANG_CXX_LANGUAGE_STANDARD = "gnu++0x";
				CLANG_CXX_LIBRARY = "libc++";
				CLANG_ENABLE_MODULES = YES;
				CLANG_ENABLE_OBJC_ARC = YES;
				CLANG_WARN_BOOL_CONVERSION = YES;
				CLANG_WARN_CONSTANT_CONVERSION = YES;
				CLANG_WARN_DIRECT_OBJC_ISA_USAGE = YES_ERROR;
				CLANG_WARN_EMPTY_BODY = YES;
				CLANG_WARN_ENUM_CONVERSION = YES;
				CLANG_WARN_INT_CONVERSION = YES;
				CLANG_WARN_OBJC_ROOT_CLASS = YES_ERROR;
				CLANG_WARN_UNREACHABLE_CODE = YES;
				CLANG_WARN__DUPLICATE_METHOD_MATCH = YES;
				COPY_PHASE_STRIP = NO;
				ENABLE_STRICT_OBJC_MSGSEND = YES;
				GCC_C_LANGUAGE_STANDARD = gnu99;
				GCC_DYNAMIC_NO_PIC = NO;
				GCC_OPTIMIZATION_LEVEL = 0;
				GCC_PREPROCESSOR_DEFINITIONS = (
					"DEBUG=1",
					"$(inherited)",
				);
				GCC_SYMBOLS_PRIVATE_EXTERN = NO;
				GCC_WARN_64_TO_32_BIT_CONVERSION = YES;
				GCC_WARN_ABOUT_RETURN_TYPE = YES_ERROR;
				GCC_WARN_UNDECLARED_SELECTOR = YES;
				GCC_WARN_UNINITIALIZED_AUTOS = YES_AGGRESSIVE;
				GCC_WARN_UNUSED_FUNCTION = YES;
				GCC_WARN_UNUSED_VARIABLE = YES;
				MACOSX_DEPLOYMENT_TARGET = 10.9;
				MTL_ENABLE_DEBUG_INFO = YES;
				ONLY_ACTIVE_ARCH = YES;
				SDKROOT = macosx;
				SWIFT_OPTIMIZATION_LEVEL = "-Onone";
			};
			name = Debug;
		};
		5518C83519A329100049DC22 /* Release */ = {
			isa = XCBuildConfiguration;
			buildSettings = {
				ALWAYS_SEARCH_USER_PATHS = NO;
				CLANG_CXX_LANGUAGE_STANDARD = "gnu++0x";
				CLANG_CXX_LIBRARY = "libc++";
				CLANG_ENABLE_MODULES = YES;
				CLANG_ENABLE_OBJC_ARC = YES;
				CLANG_WARN_BOOL_CONVERSION = YES;
				CLANG_WARN_CONSTANT_CONVERSION = YES;
				CLANG_WARN_DIRECT_OBJC_ISA_USAGE = YES_ERROR;
				CLANG_WARN_EMPTY_BODY = YES;
				CLANG_WARN_ENUM_CONVERSION = YES;
				CLANG_WARN_INT_CONVERSION = YES;
				CLANG_WARN_OBJC_ROOT_CLASS = YES_ERROR;
				CLANG_WARN_UNREACHABLE_CODE = YES;
				CLANG_WARN__DUPLICATE_METHOD_MATCH = YES;
				COPY_PHASE_STRIP = YES;
				DEBUG_INFORMATION_FORMAT = "dwarf-with-dsym";
				ENABLE_NS_ASSERTIONS = NO;
				ENABLE_STRICT_OBJC_MSGSEND = YES;
				GCC_C_LANGUAGE_STANDARD = gnu99;
				GCC_WARN_64_TO_32_BIT_CONVERSION = YES;
				GCC_WARN_ABOUT_RETURN_TYPE = YES_ERROR;
				GCC_WARN_UNDECLARED_SELECTOR = YES;
				GCC_WARN_UNINITIALIZED_AUTOS = YES_AGGRESSIVE;
				GCC_WARN_UNUSED_FUNCTION = YES;
				GCC_WARN_UNUSED_VARIABLE = YES;
				MACOSX_DEPLOYMENT_TARGET = 10.9;
				MTL_ENABLE_DEBUG_INFO = NO;
				SDKROOT = macosx;
			};
			name = Release;
		};
		5518C83719A329100049DC22 /* Debug */ = {
			isa = XCBuildConfiguration;
			buildSettings = {
				CLANG_ENABLE_MODULES = YES;
				LD_RUNPATH_SEARCH_PATHS = "$(inherited) @executable_path/../Frameworks @loader_path/../Frameworks";
				PRODUCT_NAME = SwiftSocket;
				SWIFT_OBJC_BRIDGING_HEADER = "";
				SWIFT_OPTIMIZATION_LEVEL = "-Onone";
			};
			name = Debug;
		};
		5518C83819A329100049DC22 /* Release */ = {
			isa = XCBuildConfiguration;
			buildSettings = {
				CLANG_ENABLE_MODULES = YES;
				LD_RUNPATH_SEARCH_PATHS = "$(inherited) @executable_path/../Frameworks @loader_path/../Frameworks";
				PRODUCT_NAME = SwiftSocket;
				SWIFT_OBJC_BRIDGING_HEADER = "";
			};
			name = Release;
		};
/* End XCBuildConfiguration section */

/* Begin XCConfigurationList section */
		5518C82A19A3290F0049DC22 /* Build configuration list for PBXProject "SwiftSocket" */ = {
			isa = XCConfigurationList;
			buildConfigurations = (
				5518C83419A329100049DC22 /* Debug */,
				5518C83519A329100049DC22 /* Release */,
			);
			defaultConfigurationIsVisible = 0;
			defaultConfigurationName = Release;
		};
		5518C83619A329100049DC22 /* Build configuration list for PBXNativeTarget "SwiftSocket" */ = {
			isa = XCConfigurationList;
			buildConfigurations = (
				5518C83719A329100049DC22 /* Debug */,
				5518C83819A329100049DC22 /* Release */,
			);
			defaultConfigurationIsVisible = 0;
			defaultConfigurationName = Release;
		};
/* End XCConfigurationList section */
	};
	rootObject = 5518C82719A3290F0049DC22 /* Project object */;
}
